// !$*UTF8*$!
{
	archiveVersion = 1;
	classes = {
	};
	objectVersion = 46;
	objects = {

/* Begin PBXBuildFile section */
		DFF828061B4C3DA6001A82AE /* main.m in Sources */ = {isa = PBXBuildFile; fileRef = DFF828051B4C3DA6001A82AE /* main.m */; };
		DFF828091B4C3DA6001A82AE /* AppDelegate.m in Sources */ = {isa = PBXBuildFile; fileRef = DFF828081B4C3DA6001A82AE /* AppDelegate.m */; };
		DFF8280C1B4C3DA6001A82AE /* ViewController.m in Sources */ = {isa = PBXBuildFile; fileRef = DFF8280B1B4C3DA6001A82AE /* ViewController.m */; };
		DFF8280F1B4C3DA6001A82AE /* Main.storyboard in Resources */ = {isa = PBXBuildFile; fileRef = DFF8280D1B4C3DA6001A82AE /* Main.storyboard */; };
		DFF828111B4C3DA6001A82AE /* Images.xcassets in Resources */ = {isa = PBXBuildFile; fileRef = DFF828101B4C3DA6001A82AE /* Images.xcassets */; };
		DFF828141B4C3DA6001A82AE /* LaunchScreen.xib in Resources */ = {isa = PBXBuildFile; fileRef = DFF828121B4C3DA6001A82AE /* LaunchScreen.xib */; };
		DFF8282E1B4C4FCF001A82AE /* WAA32K.jpg in Resources */ = {isa = PBXBuildFile; fileRef = DFF8282D1B4C4FCF001A82AE /* WAA32K.jpg */; };
/* End PBXBuildFile section */

/* Begin PBXFileReference section */
		DFF828001B4C3DA6001A82AE /* HelloWorkConnect.app */ = {isa = PBXFileReference; explicitFileType = wrapper.application; includeInIndex = 0; path = HelloWorkConnect.app; sourceTree = BUILT_PRODUCTS_DIR; };
		DFF828041B4C3DA6001A82AE /* Info.plist */ = {isa = PBXFileReference; lastKnownFileType = text.plist.xml; path = Info.plist; sourceTree = "<group>"; };
		DFF828051B4C3DA6001A82AE /* main.m */ = {isa = PBXFileReference; lastKnownFileType = sourcecode.c.objc; path = main.m; sourceTree = "<group>"; };
		DFF828071B4C3DA6001A82AE /* AppDelegate.h */ = {isa = PBXFileReference; lastKnownFileType = sourcecode.c.h; path = AppDelegate.h; sourceTree = "<group>"; };
		DFF828081B4C3DA6001A82AE /* AppDelegate.m */ = {isa = PBXFileReference; lastKnownFileType = sourcecode.c.objc; path = AppDelegate.m; sourceTree = "<group>"; };
		DFF8280A1B4C3DA6001A82AE /* ViewController.h */ = {isa = PBXFileReference; lastKnownFileType = sourcecode.c.h; path = ViewController.h; sourceTree = "<group>"; };
		DFF8280B1B4C3DA6001A82AE /* ViewController.m */ = {isa = PBXFileReference; lastKnownFileType = sourcecode.c.objc; path = ViewController.m; sourceTree = "<group>"; };
		DFF8280E1B4C3DA6001A82AE /* Base */ = {isa = PBXFileReference; lastKnownFileType = file.storyboard; name = Base; path = Base.lproj/Main.storyboard; sourceTree = "<group>"; };
		DFF828101B4C3DA6001A82AE /* Images.xcassets */ = {isa = PBXFileReference; lastKnownFileType = folder.assetcatalog; path = Images.xcassets; sourceTree = "<group>"; };
		DFF828131B4C3DA6001A82AE /* Base */ = {isa = PBXFileReference; lastKnownFileType = file.xib; name = Base; path = Base.lproj/LaunchScreen.xib; sourceTree = "<group>"; };
		DFF8282D1B4C4FCF001A82AE /* WAA32K.jpg */ = {isa = PBXFileReference; lastKnownFileType = image.jpeg; path = WAA32K.jpg; sourceTree = "<group>"; };
/* End PBXFileReference section */

/* Begin PBXFrameworksBuildPhase section */
		DFF827FD1B4C3DA5001A82AE /* Frameworks */ = {
			isa = PBXFrameworksBuildPhase;
			buildActionMask = 2147483647;
			files = (
			);
			runOnlyForDeploymentPostprocessing = 0;
		};
/* End PBXFrameworksBuildPhase section */

/* Begin PBXGroup section */
		DFF827F71B4C3DA5001A82AE = {
			isa = PBXGroup;
			children = (
				DFF828021B4C3DA6001A82AE /* HelloWorkConnect */,
				DFF828011B4C3DA6001A82AE /* Products */,
			);
			sourceTree = "<group>";
		};
		DFF828011B4C3DA6001A82AE /* Products */ = {
			isa = PBXGroup;
			children = (
				DFF828001B4C3DA6001A82AE /* HelloWorkConnect.app */,
			);
			name = Products;
			sourceTree = "<group>";
		};
		DFF828021B4C3DA6001A82AE /* HelloWorkConnect */ = {
			isa = PBXGroup;
			children = (
				DFF828071B4C3DA6001A82AE /* AppDelegate.h */,
				DFF828081B4C3DA6001A82AE /* AppDelegate.m */,
				DFF8280A1B4C3DA6001A82AE /* ViewController.h */,
				DFF8280B1B4C3DA6001A82AE /* ViewController.m */,
				DFF8280D1B4C3DA6001A82AE /* Main.storyboard */,
				DFF828101B4C3DA6001A82AE /* Images.xcassets */,
				DFF828121B4C3DA6001A82AE /* LaunchScreen.xib */,
				DFF828031B4C3DA6001A82AE /* Supporting Files */,
			);
			path = HelloWorkConnect;
			sourceTree = "<group>";
		};
		DFF828031B4C3DA6001A82AE /* Supporting Files */ = {
			isa = PBXGroup;
			children = (
				DFF8282D1B4C4FCF001A82AE /* WAA32K.jpg */,
				DFF828041B4C3DA6001A82AE /* Info.plist */,
				DFF828051B4C3DA6001A82AE /* main.m */,
			);
			name = "Supporting Files";
			sourceTree = "<group>";
		};
/* End PBXGroup section */

/* Begin PBXNativeTarget section */
		DFF827FF1B4C3DA5001A82AE /* HelloWorkConnect */ = {
			isa = PBXNativeTarget;
			buildConfigurationList = DFF828231B4C3DA6001A82AE /* Build configuration list for PBXNativeTarget "HelloWorkConnect" */;
			buildPhases = (
				DFF827FC1B4C3DA5001A82AE /* Sources */,
				DFF827FD1B4C3DA5001A82AE /* Frameworks */,
				DFF827FE1B4C3DA5001A82AE /* Resources */,
			);
			buildRules = (
			);
			dependencies = (
			);
			name = HelloWorkConnect;
			productName = HelloWorkConnect;
			productReference = DFF828001B4C3DA6001A82AE /* HelloWorkConnect.app */;
			productType = "com.apple.product-type.application";
		};
/* End PBXNativeTarget section */

/* Begin PBXProject section */
		DFF827F81B4C3DA5001A82AE /* Project object */ = {
			isa = PBXProject;
			attributes = {
				LastUpgradeCheck = 0640;
				ORGANIZATIONNAME = ekcworld;
				TargetAttributes = {
					DFF827FF1B4C3DA5001A82AE = {
						CreatedOnToolsVersion = 6.4;
						DevelopmentTeam = Y2GS2FH669;
					};
				};
			};
			buildConfigurationList = DFF827FB1B4C3DA5001A82AE /* Build configuration list for PBXProject "HelloWorkConnect" */;
			compatibilityVersion = "Xcode 3.2";
			developmentRegion = English;
			hasScannedForEncodings = 0;
			knownRegions = (
				en,
				Base,
			);
			mainGroup = DFF827F71B4C3DA5001A82AE;
			productRefGroup = DFF828011B4C3DA6001A82AE /* Products */;
			projectDirPath = "";
			projectRoot = "";
			targets = (
				DFF827FF1B4C3DA5001A82AE /* HelloWorkConnect */,
			);
		};
/* End PBXProject section */

/* Begin PBXResourcesBuildPhase section */
		DFF827FE1B4C3DA5001A82AE /* Resources */ = {
			isa = PBXResourcesBuildPhase;
			buildActionMask = 2147483647;
			files = (
				DFF8280F1B4C3DA6001A82AE /* Main.storyboard in Resources */,
				DFF828141B4C3DA6001A82AE /* LaunchScreen.xib in Resources */,
				DFF8282E1B4C4FCF001A82AE /* WAA32K.jpg in Resources */,
				DFF828111B4C3DA6001A82AE /* Images.xcassets in Resources */,
			);
			runOnlyForDeploymentPostprocessing = 0;
		};
/* End PBXResourcesBuildPhase section */

/* Begin PBXSourcesBuildPhase section */
		DFF827FC1B4C3DA5001A82AE /* Sources */ = {
			isa = PBXSourcesBuildPhase;
			buildActionMask = 2147483647;
			files = (
				DFF8280C1B4C3DA6001A82AE /* ViewController.m in Sources */,
				DFF828091B4C3DA6001A82AE /* AppDelegate.m in Sources */,
				DFF828061B4C3DA6001A82AE /* main.m in Sources */,
			);
			runOnlyForDeploymentPostprocessing = 0;
		};
/* End PBXSourcesBuildPhase section */

/* Begin PBXVariantGroup section */
		DFF8280D1B4C3DA6001A82AE /* Main.storyboard */ = {
			isa = PBXVariantGroup;
			children = (
				DFF8280E1B4C3DA6001A82AE /* Base */,
			);
			name = Main.storyboard;
			sourceTree = "<group>";
		};
		DFF828121B4C3DA6001A82AE /* LaunchScreen.xib */ = {
			isa = PBXVariantGroup;
			children = (
				DFF828131B4C3DA6001A82AE /* Base */,
			);
			name = LaunchScreen.xib;
			sourceTree = "<group>";
		};
/* End PBXVariantGroup section */

/* Begin XCBuildConfiguration section */
		DFF828211B4C3DA6001A82AE /* Debug */ = {
			isa = XCBuildConfiguration;
			buildSettings = {
				ALWAYS_SEARCH_USER_PATHS = NO;
				CLANG_CXX_LANGUAGE_STANDARD = "gnu++0x";
				CLANG_CXX_LIBRARY = "libc++";
				CLANG_ENABLE_MODULES = YES;
				CLANG_ENABLE_OBJC_ARC = YES;
				CLANG_WARN_BOOL_CONVERSION = YES;
				CLANG_WARN_CONSTANT_CONVERSION = YES;
				CLANG_WARN_DIRECT_OBJC_ISA_USAGE = YES_ERROR;
				CLANG_WARN_EMPTY_BODY = YES;
				CLANG_WARN_ENUM_CONVERSION = YES;
				CLANG_WARN_INT_CONVERSION = YES;
				CLANG_WARN_OBJC_ROOT_CLASS = YES_ERROR;
				CLANG_WARN_UNREACHABLE_CODE = YES;
				CLANG_WARN__DUPLICATE_METHOD_MATCH = YES;
				"CODE_SIGN_IDENTITY[sdk=iphoneos*]" = "iPhone Developer";
				COPY_PHASE_STRIP = NO;
				DEBUG_INFORMATION_FORMAT = "dwarf-with-dsym";
				ENABLE_STRICT_OBJC_MSGSEND = YES;
				GCC_C_LANGUAGE_STANDARD = gnu99;
				GCC_DYNAMIC_NO_PIC = NO;
				GCC_NO_COMMON_BLOCKS = YES;
				GCC_OPTIMIZATION_LEVEL = 0;
				GCC_PREPROCESSOR_DEFINITIONS = (
					"DEBUG=1",
					"$(inherited)",
				);
				GCC_SYMBOLS_PRIVATE_EXTERN = NO;
				GCC_WARN_64_TO_32_BIT_CONVERSION = YES;
				GCC_WARN_ABOUT_RETURN_TYPE = YES_ERROR;
				GCC_WARN_UNDECLARED_SELECTOR = YES;
				GCC_WARN_UNINITIALIZED_AUTOS = YES_AGGRESSIVE;
				GCC_WARN_UNUSED_FUNCTION = YES;
				GCC_WARN_UNUSED_VARIABLE = YES;
				IPHONEOS_DEPLOYMENT_TARGET = 8.4;
				MTL_ENABLE_DEBUG_INFO = YES;
				ONLY_ACTIVE_ARCH = YES;
				SDKROOT = iphoneos;
			};
			name = Debug;
		};
		DFF828221B4C3DA6001A82AE /* Release */ = {
			isa = XCBuildConfiguration;
			buildSettings = {
				ALWAYS_SEARCH_USER_PATHS = NO;
				CLANG_CXX_LANGUAGE_STANDARD = "gnu++0x";
				CLANG_CXX_LIBRARY = "libc++";
				CLANG_ENABLE_MODULES = YES;
				CLANG_ENABLE_OBJC_ARC = YES;
				CLANG_WARN_BOOL_CONVERSION = YES;
				CLANG_WARN_CONSTANT_CONVERSION = YES;
				CLANG_WARN_DIRECT_OBJC_ISA_USAGE = YES_ERROR;
				CLANG_WARN_EMPTY_BODY = YES;
				CLANG_WARN_ENUM_CONVERSION = YES;
				CLANG_WARN_INT_CONVERSION = YES;
				CLANG_WARN_OBJC_ROOT_CLASS = YES_ERROR;
				CLANG_WARN_UNREACHABLE_CODE = YES;
				CLANG_WARN__DUPLICATE_METHOD_MATCH = YES;
				"CODE_SIGN_IDENTITY[sdk=iphoneos*]" = "iPhone Developer";
				COPY_PHASE_STRIP = NO;
				DEBUG_INFORMATION_FORMAT = "dwarf-with-dsym";
				ENABLE_NS_ASSERTIONS = NO;
				ENABLE_STRICT_OBJC_MSGSEND = YES;
				GCC_C_LANGUAGE_STANDARD = gnu99;
				GCC_NO_COMMON_BLOCKS = YES;
				GCC_WARN_64_TO_32_BIT_CONVERSION = YES;
				GCC_WARN_ABOUT_RETURN_TYPE = YES_ERROR;
				GCC_WARN_UNDECLARED_SELECTOR = YES;
				GCC_WARN_UNINITIALIZED_AUTOS = YES_AGGRESSIVE;
				GCC_WARN_UNUSED_FUNCTION = YES;
				GCC_WARN_UNUSED_VARIABLE = YES;
				IPHONEOS_DEPLOYMENT_TARGET = 8.4;
				MTL_ENABLE_DEBUG_INFO = NO;
				SDKROOT = iphoneos;
				VALIDATE_PRODUCT = YES;
			};
			name = Release;
		};
		DFF828241B4C3DA6001A82AE /* Debug */ = {
			isa = XCBuildConfiguration;
			buildSettings = {
				ASSETCATALOG_COMPILER_APPICON_NAME = AppIcon;
				CODE_SIGN_IDENTITY = "iPhone Developer";
				INFOPLIST_FILE = HelloWorkConnect/Info.plist;
				LD_RUNPATH_SEARCH_PATHS = "$(inherited) @executable_path/Frameworks";
				PRODUCT_NAME = "$(TARGET_NAME)";
			};
			name = Debug;
		};
		DFF828251B4C3DA6001A82AE /* Release */ = {
			isa = XCBuildConfiguration;
			buildSettings = {
				ASSETCATALOG_COMPILER_APPICON_NAME = AppIcon;
				CODE_SIGN_IDENTITY = "iPhone Developer";
				INFOPLIST_FILE = HelloWorkConnect/Info.plist;
				LD_RUNPATH_SEARCH_PATHS = "$(inherited) @executable_path/Frameworks";
				PRODUCT_NAME = "$(TARGET_NAME)";
			};
			name = Release;
		};
/* End XCBuildConfiguration section */

/* Begin XCConfigurationList section */
		DFF827FB1B4C3DA5001A82AE /* Build configuration list for PBXProject "HelloWorkConnect" */ = {
			isa = XCConfigurationList;
			buildConfigurations = (
				DFF828211B4C3DA6001A82AE /* Debug */,
				DFF828221B4C3DA6001A82AE /* Release */,
			);
			defaultConfigurationIsVisible = 0;
			defaultConfigurationName = Release;
		};
		DFF828231B4C3DA6001A82AE /* Build configuration list for PBXNativeTarget "HelloWorkConnect" */ = {
			isa = XCConfigurationList;
			buildConfigurations = (
				DFF828241B4C3DA6001A82AE /* Debug */,
				DFF828251B4C3DA6001A82AE /* Release */,
			);
			defaultConfigurationIsVisible = 0;
			defaultConfigurationName = Release;
		};
/* End XCConfigurationList section */
	};
	rootObject = DFF827F81B4C3DA5001A82AE /* Project object */;
}
